// !$*UTF8*$!
{
	archiveVersion = 1;
	classes = {
	};
	objectVersion = 56;
	objects = {

/* Begin PBXBuildFile section */
		43026B342B82A7140084698B /* SettingsView.swift in Sources */ = {isa = PBXBuildFile; fileRef = 43026B332B82A7140084698B /* SettingsView.swift */; };
		437584E02B8ABD2F0004FEFB /* PublicUtilities.swift in Sources */ = {isa = PBXBuildFile; fileRef = 437584DF2B8ABD2F0004FEFB /* PublicUtilities.swift */; };
		4389F1E22B8C312100237CCD /* TaskManager.swift in Sources */ = {isa = PBXBuildFile; fileRef = 4389F1E12B8C312100237CCD /* TaskManager.swift */; };
		43AE9FDD2B82B4EC006789C0 /* AutoFocusedTextField.swift in Sources */ = {isa = PBXBuildFile; fileRef = 43AE9FDC2B82B4EC006789C0 /* AutoFocusedTextField.swift */; };
		43AF445C2B898C8300D666C5 /* RecurringView.swift in Sources */ = {isa = PBXBuildFile; fileRef = 43AF445B2B898C8300D666C5 /* RecurringView.swift */; };
		43F4DFAA2B8167C00033CE55 /* TodayApp.swift in Sources */ = {isa = PBXBuildFile; fileRef = 43F4DFA92B8167C00033CE55 /* TodayApp.swift */; };
		43F4DFAC2B8167C00033CE55 /* TodayView.swift in Sources */ = {isa = PBXBuildFile; fileRef = 43F4DFAB2B8167C00033CE55 /* TodayView.swift */; };
		43F4DFAE2B8167C00033CE55 /* Model.swift in Sources */ = {isa = PBXBuildFile; fileRef = 43F4DFAD2B8167C00033CE55 /* Model.swift */; };
		43F4DFB02B8167C10033CE55 /* Assets.xcassets in Resources */ = {isa = PBXBuildFile; fileRef = 43F4DFAF2B8167C10033CE55 /* Assets.xcassets */; };
		43F4DFB42B8167C10033CE55 /* Preview Assets.xcassets in Resources */ = {isa = PBXBuildFile; fileRef = 43F4DFB32B8167C10033CE55 /* Preview Assets.xcassets */; };
		43F4DFBC2B8169FD0033CE55 /* NavigationViewModel.swift in Sources */ = {isa = PBXBuildFile; fileRef = 43F4DFBB2B8169FD0033CE55 /* NavigationViewModel.swift */; };
		43F4DFBE2B816A740033CE55 /* ContentView.swift in Sources */ = {isa = PBXBuildFile; fileRef = 43F4DFBD2B816A740033CE55 /* ContentView.swift */; };
		43F4DFC02B816A9C0033CE55 /* TomorrowView.swift in Sources */ = {isa = PBXBuildFile; fileRef = 43F4DFBF2B816A9C0033CE55 /* TomorrowView.swift */; };
		43F563C72B8285EB0038B78F /* PerformanceView.swift in Sources */ = {isa = PBXBuildFile; fileRef = 43F563C62B8285EB0038B78F /* PerformanceView.swift */; };
		43F7691A2B8B9BAC0001A9F0 /* TimelessView.swift in Sources */ = {isa = PBXBuildFile; fileRef = 43F769192B8B9BAC0001A9F0 /* TimelessView.swift */; };
/* End PBXBuildFile section */

/* Begin PBXFileReference section */
		43026B332B82A7140084698B /* SettingsView.swift */ = {isa = PBXFileReference; lastKnownFileType = sourcecode.swift; path = SettingsView.swift; sourceTree = "<group>"; };
		437584DF2B8ABD2F0004FEFB /* PublicUtilities.swift */ = {isa = PBXFileReference; lastKnownFileType = sourcecode.swift; path = PublicUtilities.swift; sourceTree = "<group>"; };
		4389F1E12B8C312100237CCD /* TaskManager.swift */ = {isa = PBXFileReference; lastKnownFileType = sourcecode.swift; path = TaskManager.swift; sourceTree = "<group>"; };
		43AE9FDC2B82B4EC006789C0 /* AutoFocusedTextField.swift */ = {isa = PBXFileReference; lastKnownFileType = sourcecode.swift; path = AutoFocusedTextField.swift; sourceTree = "<group>"; };
		43AF445B2B898C8300D666C5 /* RecurringView.swift */ = {isa = PBXFileReference; lastKnownFileType = sourcecode.swift; path = RecurringView.swift; sourceTree = "<group>"; };
		43F4DFA62B8167C00033CE55 /* Today.app */ = {isa = PBXFileReference; explicitFileType = wrapper.application; includeInIndex = 0; path = Today.app; sourceTree = BUILT_PRODUCTS_DIR; };
		43F4DFA92B8167C00033CE55 /* TodayApp.swift */ = {isa = PBXFileReference; lastKnownFileType = sourcecode.swift; path = TodayApp.swift; sourceTree = "<group>"; };
		43F4DFAB2B8167C00033CE55 /* TodayView.swift */ = {isa = PBXFileReference; lastKnownFileType = sourcecode.swift; path = TodayView.swift; sourceTree = "<group>"; };
		43F4DFAD2B8167C00033CE55 /* Model.swift */ = {isa = PBXFileReference; lastKnownFileType = sourcecode.swift; path = Model.swift; sourceTree = "<group>"; };
		43F4DFAF2B8167C10033CE55 /* Assets.xcassets */ = {isa = PBXFileReference; lastKnownFileType = folder.assetcatalog; path = Assets.xcassets; sourceTree = "<group>"; };
		43F4DFB12B8167C10033CE55 /* Today.entitlements */ = {isa = PBXFileReference; lastKnownFileType = text.plist.entitlements; path = Today.entitlements; sourceTree = "<group>"; };
		43F4DFB32B8167C10033CE55 /* Preview Assets.xcassets */ = {isa = PBXFileReference; lastKnownFileType = folder.assetcatalog; path = "Preview Assets.xcassets"; sourceTree = "<group>"; };
		43F4DFB52B8167C10033CE55 /* Info.plist */ = {isa = PBXFileReference; lastKnownFileType = text.plist.xml; path = Info.plist; sourceTree = "<group>"; };
		43F4DFBB2B8169FD0033CE55 /* NavigationViewModel.swift */ = {isa = PBXFileReference; lastKnownFileType = sourcecode.swift; path = NavigationViewModel.swift; sourceTree = "<group>"; };
		43F4DFBD2B816A740033CE55 /* ContentView.swift */ = {isa = PBXFileReference; lastKnownFileType = sourcecode.swift; path = ContentView.swift; sourceTree = "<group>"; };
		43F4DFBF2B816A9C0033CE55 /* TomorrowView.swift */ = {isa = PBXFileReference; lastKnownFileType = sourcecode.swift; path = TomorrowView.swift; sourceTree = "<group>"; };
		43F563C62B8285EB0038B78F /* PerformanceView.swift */ = {isa = PBXFileReference; lastKnownFileType = sourcecode.swift; path = PerformanceView.swift; sourceTree = "<group>"; };
		43F769192B8B9BAC0001A9F0 /* TimelessView.swift */ = {isa = PBXFileReference; lastKnownFileType = sourcecode.swift; path = TimelessView.swift; sourceTree = "<group>"; };
/* End PBXFileReference section */

/* Begin PBXFrameworksBuildPhase section */
		43F4DFA32B8167C00033CE55 /* Frameworks */ = {
			isa = PBXFrameworksBuildPhase;
			buildActionMask = 2147483647;
			files = (
			);
			runOnlyForDeploymentPostprocessing = 0;
		};
/* End PBXFrameworksBuildPhase section */

/* Begin PBXGroup section */
		43AF445A2B898C5100D666C5 /* Nav */ = {
			isa = PBXGroup;
			children = (
				43F4DFBD2B816A740033CE55 /* ContentView.swift */,
				43F4DFBB2B8169FD0033CE55 /* NavigationViewModel.swift */,
			);
			path = Nav;
			sourceTree = "<group>";
		};
		43F4DF9D2B8167C00033CE55 = {
			isa = PBXGroup;
			children = (
				43F4DFA82B8167C00033CE55 /* Today */,
				43F4DFA72B8167C00033CE55 /* Products */,
			);
			sourceTree = "<group>";
		};
		43F4DFA72B8167C00033CE55 /* Products */ = {
			isa = PBXGroup;
			children = (
				43F4DFA62B8167C00033CE55 /* Today.app */,
			);
			name = Products;
			sourceTree = "<group>";
		};
		43F4DFA82B8167C00033CE55 /* Today */ = {
			isa = PBXGroup;
			children = (
				43F4DFA92B8167C00033CE55 /* TodayApp.swift */,
				43F4DFC12B81755A0033CE55 /* Views */,
				43F4DFAD2B8167C00033CE55 /* Model.swift */,
				437584DF2B8ABD2F0004FEFB /* PublicUtilities.swift */,
				4389F1E12B8C312100237CCD /* TaskManager.swift */,
				43AF445A2B898C5100D666C5 /* Nav */,
				43F4DFAF2B8167C10033CE55 /* Assets.xcassets */,
				43F4DFB12B8167C10033CE55 /* Today.entitlements */,
				43F4DFB52B8167C10033CE55 /* Info.plist */,
				43F4DFB22B8167C10033CE55 /* Preview Content */,
			);
			path = Today;
			sourceTree = "<group>";
		};
		43F4DFB22B8167C10033CE55 /* Preview Content */ = {
			isa = PBXGroup;
			children = (
				43F4DFB32B8167C10033CE55 /* Preview Assets.xcassets */,
			);
			path = "Preview Content";
			sourceTree = "<group>";
		};
		43F4DFC12B81755A0033CE55 /* Views */ = {
			isa = PBXGroup;
			children = (
				43F4DFAB2B8167C00033CE55 /* TodayView.swift */,
				43F769192B8B9BAC0001A9F0 /* TimelessView.swift */,
				43F4DFBF2B816A9C0033CE55 /* TomorrowView.swift */,
				43AF445B2B898C8300D666C5 /* RecurringView.swift */,
				43F563C62B8285EB0038B78F /* PerformanceView.swift */,
				43026B332B82A7140084698B /* SettingsView.swift */,
				43AE9FDC2B82B4EC006789C0 /* AutoFocusedTextField.swift */,
			);
			path = Views;
			sourceTree = "<group>";
		};
/* End PBXGroup section */

/* Begin PBXNativeTarget section */
		43F4DFA52B8167C00033CE55 /* Today */ = {
			isa = PBXNativeTarget;
			buildConfigurationList = 43F4DFB82B8167C10033CE55 /* Build configuration list for PBXNativeTarget "Today" */;
			buildPhases = (
				43F4DFA22B8167C00033CE55 /* Sources */,
				43F4DFA32B8167C00033CE55 /* Frameworks */,
				43F4DFA42B8167C00033CE55 /* Resources */,
			);
			buildRules = (
			);
			dependencies = (
			);
			name = Today;
			productName = Today;
			productReference = 43F4DFA62B8167C00033CE55 /* Today.app */;
			productType = "com.apple.product-type.application";
		};
/* End PBXNativeTarget section */

/* Begin PBXProject section */
		43F4DF9E2B8167C00033CE55 /* Project object */ = {
			isa = PBXProject;
			attributes = {
				BuildIndependentTargetsInParallel = 1;
				LastSwiftUpdateCheck = 1520;
				LastUpgradeCheck = 1520;
				TargetAttributes = {
					43F4DFA52B8167C00033CE55 = {
						CreatedOnToolsVersion = 15.2;
					};
				};
			};
			buildConfigurationList = 43F4DFA12B8167C00033CE55 /* Build configuration list for PBXProject "Today" */;
			compatibilityVersion = "Xcode 14.0";
			developmentRegion = en;
			hasScannedForEncodings = 0;
			knownRegions = (
				en,
				Base,
			);
			mainGroup = 43F4DF9D2B8167C00033CE55;
			productRefGroup = 43F4DFA72B8167C00033CE55 /* Products */;
			projectDirPath = "";
			projectRoot = "";
			targets = (
				43F4DFA52B8167C00033CE55 /* Today */,
			);
		};
/* End PBXProject section */

/* Begin PBXResourcesBuildPhase section */
		43F4DFA42B8167C00033CE55 /* Resources */ = {
			isa = PBXResourcesBuildPhase;
			buildActionMask = 2147483647;
			files = (
				43F4DFB42B8167C10033CE55 /* Preview Assets.xcassets in Resources */,
				43F4DFB02B8167C10033CE55 /* Assets.xcassets in Resources */,
			);
			runOnlyForDeploymentPostprocessing = 0;
		};
/* End PBXResourcesBuildPhase section */

/* Begin PBXSourcesBuildPhase section */
		43F4DFA22B8167C00033CE55 /* Sources */ = {
			isa = PBXSourcesBuildPhase;
			buildActionMask = 2147483647;
			files = (
				43F4DFBC2B8169FD0033CE55 /* NavigationViewModel.swift in Sources */,
				43026B342B82A7140084698B /* SettingsView.swift in Sources */,
				437584E02B8ABD2F0004FEFB /* PublicUtilities.swift in Sources */,
				4389F1E22B8C312100237CCD /* TaskManager.swift in Sources */,
				43AF445C2B898C8300D666C5 /* RecurringView.swift in Sources */,
				43F4DFBE2B816A740033CE55 /* ContentView.swift in Sources */,
				43AE9FDD2B82B4EC006789C0 /* AutoFocusedTextField.swift in Sources */,
				43F7691A2B8B9BAC0001A9F0 /* TimelessView.swift in Sources */,
				43F4DFAC2B8167C00033CE55 /* TodayView.swift in Sources */,
				43F4DFAE2B8167C00033CE55 /* Model.swift in Sources */,
				43F4DFAA2B8167C00033CE55 /* TodayApp.swift in Sources */,
				43F563C72B8285EB0038B78F /* PerformanceView.swift in Sources */,
				43F4DFC02B816A9C0033CE55 /* TomorrowView.swift in Sources */,
			);
			runOnlyForDeploymentPostprocessing = 0;
		};
/* End PBXSourcesBuildPhase section */

/* Begin XCBuildConfiguration section */
		43F4DFB62B8167C10033CE55 /* Debug */ = {
			isa = XCBuildConfiguration;
			buildSettings = {
				ALWAYS_SEARCH_USER_PATHS = NO;
				ASSETCATALOG_COMPILER_GENERATE_SWIFT_ASSET_SYMBOL_EXTENSIONS = YES;
				CLANG_ANALYZER_NONNULL = YES;
				CLANG_ANALYZER_NUMBER_OBJECT_CONVERSION = YES_AGGRESSIVE;
				CLANG_CXX_LANGUAGE_STANDARD = "gnu++20";
				CLANG_ENABLE_MODULES = YES;
				CLANG_ENABLE_OBJC_ARC = YES;
				CLANG_ENABLE_OBJC_WEAK = YES;
				CLANG_WARN_BLOCK_CAPTURE_AUTORELEASING = YES;
				CLANG_WARN_BOOL_CONVERSION = YES;
				CLANG_WARN_COMMA = YES;
				CLANG_WARN_CONSTANT_CONVERSION = YES;
				CLANG_WARN_DEPRECATED_OBJC_IMPLEMENTATIONS = YES;
				CLANG_WARN_DIRECT_OBJC_ISA_USAGE = YES_ERROR;
				CLANG_WARN_DOCUMENTATION_COMMENTS = YES;
				CLANG_WARN_EMPTY_BODY = YES;
				CLANG_WARN_ENUM_CONVERSION = YES;
				CLANG_WARN_INFINITE_RECURSION = YES;
				CLANG_WARN_INT_CONVERSION = YES;
				CLANG_WARN_NON_LITERAL_NULL_CONVERSION = YES;
				CLANG_WARN_OBJC_IMPLICIT_RETAIN_SELF = YES;
				CLANG_WARN_OBJC_LITERAL_CONVERSION = YES;
				CLANG_WARN_OBJC_ROOT_CLASS = YES_ERROR;
				CLANG_WARN_QUOTED_INCLUDE_IN_FRAMEWORK_HEADER = YES;
				CLANG_WARN_RANGE_LOOP_ANALYSIS = YES;
				CLANG_WARN_STRICT_PROTOTYPES = YES;
				CLANG_WARN_SUSPICIOUS_MOVE = YES;
				CLANG_WARN_UNGUARDED_AVAILABILITY = YES_AGGRESSIVE;
				CLANG_WARN_UNREACHABLE_CODE = YES;
				CLANG_WARN__DUPLICATE_METHOD_MATCH = YES;
				COPY_PHASE_STRIP = NO;
				DEBUG_INFORMATION_FORMAT = dwarf;
				ENABLE_STRICT_OBJC_MSGSEND = YES;
				ENABLE_TESTABILITY = YES;
				ENABLE_USER_SCRIPT_SANDBOXING = YES;
				GCC_C_LANGUAGE_STANDARD = gnu17;
				GCC_DYNAMIC_NO_PIC = NO;
				GCC_NO_COMMON_BLOCKS = YES;
				GCC_OPTIMIZATION_LEVEL = 0;
				GCC_PREPROCESSOR_DEFINITIONS = (
					"DEBUG=1",
					"$(inherited)",
				);
				GCC_WARN_64_TO_32_BIT_CONVERSION = YES;
				GCC_WARN_ABOUT_RETURN_TYPE = YES_ERROR;
				GCC_WARN_UNDECLARED_SELECTOR = YES;
				GCC_WARN_UNINITIALIZED_AUTOS = YES_AGGRESSIVE;
				GCC_WARN_UNUSED_FUNCTION = YES;
				GCC_WARN_UNUSED_VARIABLE = YES;
				LOCALIZATION_PREFERS_STRING_CATALOGS = YES;
				MTL_ENABLE_DEBUG_INFO = INCLUDE_SOURCE;
				MTL_FAST_MATH = YES;
				ONLY_ACTIVE_ARCH = YES;
				SWIFT_ACTIVE_COMPILATION_CONDITIONS = "DEBUG $(inherited)";
				SWIFT_OPTIMIZATION_LEVEL = "-Onone";
			};
			name = Debug;
		};
		43F4DFB72B8167C10033CE55 /* Release */ = {
			isa = XCBuildConfiguration;
			buildSettings = {
				ALWAYS_SEARCH_USER_PATHS = NO;
				ASSETCATALOG_COMPILER_GENERATE_SWIFT_ASSET_SYMBOL_EXTENSIONS = YES;
				CLANG_ANALYZER_NONNULL = YES;
				CLANG_ANALYZER_NUMBER_OBJECT_CONVERSION = YES_AGGRESSIVE;
				CLANG_CXX_LANGUAGE_STANDARD = "gnu++20";
				CLANG_ENABLE_MODULES = YES;
				CLANG_ENABLE_OBJC_ARC = YES;
				CLANG_ENABLE_OBJC_WEAK = YES;
				CLANG_WARN_BLOCK_CAPTURE_AUTORELEASING = YES;
				CLANG_WARN_BOOL_CONVERSION = YES;
				CLANG_WARN_COMMA = YES;
				CLANG_WARN_CONSTANT_CONVERSION = YES;
				CLANG_WARN_DEPRECATED_OBJC_IMPLEMENTATIONS = YES;
				CLANG_WARN_DIRECT_OBJC_ISA_USAGE = YES_ERROR;
				CLANG_WARN_DOCUMENTATION_COMMENTS = YES;
				CLANG_WARN_EMPTY_BODY = YES;
				CLANG_WARN_ENUM_CONVERSION = YES;
				CLANG_WARN_INFINITE_RECURSION = YES;
				CLANG_WARN_INT_CONVERSION = YES;
				CLANG_WARN_NON_LITERAL_NULL_CONVERSION = YES;
				CLANG_WARN_OBJC_IMPLICIT_RETAIN_SELF = YES;
				CLANG_WARN_OBJC_LITERAL_CONVERSION = YES;
				CLANG_WARN_OBJC_ROOT_CLASS = YES_ERROR;
				CLANG_WARN_QUOTED_INCLUDE_IN_FRAMEWORK_HEADER = YES;
				CLANG_WARN_RANGE_LOOP_ANALYSIS = YES;
				CLANG_WARN_STRICT_PROTOTYPES = YES;
				CLANG_WARN_SUSPICIOUS_MOVE = YES;
				CLANG_WARN_UNGUARDED_AVAILABILITY = YES_AGGRESSIVE;
				CLANG_WARN_UNREACHABLE_CODE = YES;
				CLANG_WARN__DUPLICATE_METHOD_MATCH = YES;
				COPY_PHASE_STRIP = NO;
				DEBUG_INFORMATION_FORMAT = "dwarf-with-dsym";
				ENABLE_NS_ASSERTIONS = NO;
				ENABLE_STRICT_OBJC_MSGSEND = YES;
				ENABLE_USER_SCRIPT_SANDBOXING = YES;
				GCC_C_LANGUAGE_STANDARD = gnu17;
				GCC_NO_COMMON_BLOCKS = YES;
				GCC_WARN_64_TO_32_BIT_CONVERSION = YES;
				GCC_WARN_ABOUT_RETURN_TYPE = YES_ERROR;
				GCC_WARN_UNDECLARED_SELECTOR = YES;
				GCC_WARN_UNINITIALIZED_AUTOS = YES_AGGRESSIVE;
				GCC_WARN_UNUSED_FUNCTION = YES;
				GCC_WARN_UNUSED_VARIABLE = YES;
				LOCALIZATION_PREFERS_STRING_CATALOGS = YES;
				MTL_ENABLE_DEBUG_INFO = NO;
				MTL_FAST_MATH = YES;
				SWIFT_COMPILATION_MODE = wholemodule;
			};
			name = Release;
		};
		43F4DFB92B8167C10033CE55 /* Debug */ = {
			isa = XCBuildConfiguration;
			buildSettings = {
				ASSETCATALOG_COMPILER_APPICON_NAME = AppIcon;
				ASSETCATALOG_COMPILER_GLOBAL_ACCENT_COLOR_NAME = AccentColor;
				CODE_SIGN_ENTITLEMENTS = Today/Today.entitlements;
				CODE_SIGN_STYLE = Automatic;
				CURRENT_PROJECT_VERSION = 13;
				DEVELOPMENT_ASSET_PATHS = "\"Today/Preview Content\"";
				DEVELOPMENT_TEAM = 5BB8VQ988Q;
				ENABLE_HARDENED_RUNTIME = YES;
				ENABLE_PREVIEWS = YES;
				GENERATE_INFOPLIST_FILE = YES;
				INFOPLIST_FILE = Today/Info.plist;
				INFOPLIST_KEY_CFBundleDisplayName = Today;
				INFOPLIST_KEY_LSApplicationCategoryType = "public.app-category.productivity";
				"INFOPLIST_KEY_UIApplicationSceneManifest_Generation[sdk=iphoneos*]" = YES;
				"INFOPLIST_KEY_UIApplicationSceneManifest_Generation[sdk=iphonesimulator*]" = YES;
				"INFOPLIST_KEY_UIApplicationSupportsIndirectInputEvents[sdk=iphoneos*]" = YES;
				"INFOPLIST_KEY_UIApplicationSupportsIndirectInputEvents[sdk=iphonesimulator*]" = YES;
				"INFOPLIST_KEY_UILaunchScreen_Generation[sdk=iphoneos*]" = YES;
				"INFOPLIST_KEY_UILaunchScreen_Generation[sdk=iphonesimulator*]" = YES;
				"INFOPLIST_KEY_UIStatusBarStyle[sdk=iphoneos*]" = UIStatusBarStyleDefault;
				"INFOPLIST_KEY_UIStatusBarStyle[sdk=iphonesimulator*]" = UIStatusBarStyleDefault;
				INFOPLIST_KEY_UISupportedInterfaceOrientations_iPad = "UIInterfaceOrientationPortrait UIInterfaceOrientationPortraitUpsideDown UIInterfaceOrientationLandscapeLeft UIInterfaceOrientationLandscapeRight";
				INFOPLIST_KEY_UISupportedInterfaceOrientations_iPhone = "UIInterfaceOrientationPortrait UIInterfaceOrientationLandscapeLeft UIInterfaceOrientationLandscapeRight";
				IPHONEOS_DEPLOYMENT_TARGET = 17.0;
				LD_RUNPATH_SEARCH_PATHS = "@executable_path/Frameworks";
				"LD_RUNPATH_SEARCH_PATHS[sdk=macosx*]" = "@executable_path/../Frameworks";
				MACOSX_DEPLOYMENT_TARGET = 14.0;
				MARKETING_VERSION = 1.05;
				PRODUCT_BUNDLE_IDENTIFIER = pulcer.net.Today5;
				PRODUCT_NAME = "$(TARGET_NAME)";
				SDKROOT = auto;
				SUPPORTED_PLATFORMS = "iphoneos iphonesimulator macosx";
				SWIFT_EMIT_LOC_STRINGS = YES;
				SWIFT_VERSION = 5.0;
				TARGETED_DEVICE_FAMILY = "1,2";
			};
			name = Debug;
		};
		43F4DFBA2B8167C10033CE55 /* Release */ = {
			isa = XCBuildConfiguration;
			buildSettings = {
				ASSETCATALOG_COMPILER_APPICON_NAME = AppIcon;
				ASSETCATALOG_COMPILER_GLOBAL_ACCENT_COLOR_NAME = AccentColor;
				CODE_SIGN_ENTITLEMENTS = Today/Today.entitlements;
				CODE_SIGN_STYLE = Automatic;
				CURRENT_PROJECT_VERSION = 13;
				DEVELOPMENT_ASSET_PATHS = "\"Today/Preview Content\"";
				DEVELOPMENT_TEAM = 5BB8VQ988Q;
				ENABLE_HARDENED_RUNTIME = YES;
				ENABLE_PREVIEWS = YES;
				GENERATE_INFOPLIST_FILE = YES;
				INFOPLIST_FILE = Today/Info.plist;
				INFOPLIST_KEY_CFBundleDisplayName = Today;
				INFOPLIST_KEY_LSApplicationCategoryType = "public.app-category.productivity";
				"INFOPLIST_KEY_UIApplicationSceneManifest_Generation[sdk=iphoneos*]" = YES;
				"INFOPLIST_KEY_UIApplicationSceneManifest_Generation[sdk=iphonesimulator*]" = YES;
				"INFOPLIST_KEY_UIApplicationSupportsIndirectInputEvents[sdk=iphoneos*]" = YES;
				"INFOPLIST_KEY_UIApplicationSupportsIndirectInputEvents[sdk=iphonesimulator*]" = YES;
				"INFOPLIST_KEY_UILaunchScreen_Generation[sdk=iphoneos*]" = YES;
				"INFOPLIST_KEY_UILaunchScreen_Generation[sdk=iphonesimulator*]" = YES;
				"INFOPLIST_KEY_UIStatusBarStyle[sdk=iphoneos*]" = UIStatusBarStyleDefault;
				"INFOPLIST_KEY_UIStatusBarStyle[sdk=iphonesimulator*]" = UIStatusBarStyleDefault;
				INFOPLIST_KEY_UISupportedInterfaceOrientations_iPad = "UIInterfaceOrientationPortrait UIInterfaceOrientationPortraitUpsideDown UIInterfaceOrientationLandscapeLeft UIInterfaceOrientationLandscapeRight";
				INFOPLIST_KEY_UISupportedInterfaceOrientations_iPhone = "UIInterfaceOrientationPortrait UIInterfaceOrientationLandscapeLeft UIInterfaceOrientationLandscapeRight";
				IPHONEOS_DEPLOYMENT_TARGET = 17.0;
				LD_RUNPATH_SEARCH_PATHS = "@executable_path/Frameworks";
				"LD_RUNPATH_SEARCH_PATHS[sdk=macosx*]" = "@executable_path/../Frameworks";
				MACOSX_DEPLOYMENT_TARGET = 14.0;
				MARKETING_VERSION = 1.05;
				PRODUCT_BUNDLE_IDENTIFIER = pulcer.net.Today5;
				PRODUCT_NAME = "$(TARGET_NAME)";
				SDKROOT = auto;
				SUPPORTED_PLATFORMS = "iphoneos iphonesimulator macosx";
				SWIFT_EMIT_LOC_STRINGS = YES;
				SWIFT_VERSION = 5.0;
				TARGETED_DEVICE_FAMILY = "1,2";
			};
			name = Release;
		};
/* End XCBuildConfiguration section */

/* Begin XCConfigurationList section */
		43F4DFA12B8167C00033CE55 /* Build configuration list for PBXProject "Today" */ = {
			isa = XCConfigurationList;
			buildConfigurations = (
				43F4DFB62B8167C10033CE55 /* Debug */,
				43F4DFB72B8167C10033CE55 /* Release */,
			);
			defaultConfigurationIsVisible = 0;
			defaultConfigurationName = Release;
		};
		43F4DFB82B8167C10033CE55 /* Build configuration list for PBXNativeTarget "Today" */ = {
			isa = XCConfigurationList;
			buildConfigurations = (
				43F4DFB92B8167C10033CE55 /* Debug */,
				43F4DFBA2B8167C10033CE55 /* Release */,
			);
			defaultConfigurationIsVisible = 0;
			defaultConfigurationName = Release;
		};
/* End XCConfigurationList section */
	};
	rootObject = 43F4DF9E2B8167C00033CE55 /* Project object */;
}
